
Microsoft Visual Studio Solution File, Format Version 11.00
# Visual Studio 2010
Project("{8BC9CEB8-8B4A-11D0-8D11-00A0C91BC942}") = "cs2Assignment2", "cs2Assignment2\cs2Assignment2.vcxproj", "{CA6C2C83-E7F0-4B56-940D-458F19340E9F}"
EndProject
Global
	GlobalSection(SolutionConfigurationPlatforms) = preSolution
		Debug|Win32 = Debug|Win32
		Release|Win32 = Release|Win32
	EndGlobalSection
	GlobalSection(ProjectConfigurationPlatforms) = postSolution
		{CA6C2C83-E7F0-4B56-940D-458F19340E9F}.Debug|Win32.ActiveCfg = Debug|Win32
		{CA6C2C83-E7F0-4B56-940D-458F19340E9F}.Debug|Win32.Build.0 = Debug|Win32
		{CA6C2C83-E7F0-4B56-940D-458F19340E9F}.Release|Win32.ActiveCfg = Release|Win32
		{CA6C2C83-E7F0-4B56-940D-458F19340E9F}.Release|Win32.Build.0 = Release|Win32
	EndGlobalSection
	GlobalSection(SolutionProperties) = preSolution
		HideSolutionNode = FALSE
	EndGlobalSection
EndGlobal
